
Microsoft Visual Studio Solution File, Format Version 10.00
# Visual Studio 2008
Project("{8BC9CEB8-8B4A-11D0-8D11-00A0C91BC942}") = "Photosynthesis(notManaged)", "Photosynthesis(notManaged).vcproj", "{516FE7DB-711F-4417-A6FB-BB444152F6B2}"
EndProject
Global
	GlobalSection(SourceCodeControl) = preSolution
		SccNumberOfProjects = 2
		SccLocalPath0 = .
		SccProjectUniqueName1 = Photosynthesis(notManaged).vcproj
		SccLocalPath1 = .
	EndGlobalSection
	GlobalSection(SolutionConfigurationPlatforms) = preSolution
		Debug|Win32 = Debug|Win32
		Release|Win32 = Release|Win32
	EndGlobalSection
	GlobalSection(ProjectConfigurationPlatforms) = postSolution
		{516FE7DB-711F-4417-A6FB-BB444152F6B2}.Debug|Win32.ActiveCfg = Debug|Win32
		{516FE7DB-711F-4417-A6FB-BB444152F6B2}.Debug|Win32.Build.0 = Debug|Win32
		{516FE7DB-711F-4417-A6FB-BB444152F6B2}.Release|Win32.ActiveCfg = Release|Win32
		{516FE7DB-711F-4417-A6FB-BB444152F6B2}.Release|Win32.Build.0 = Release|Win32
	EndGlobalSection
	GlobalSection(SolutionProperties) = preSolution
		HideSolutionNode = FALSE
	EndGlobalSection
EndGlobal
